
Microsoft Visual Studio Solution File, Format Version 12.00
# Visual Studio 15
VisualStudioVersion = 15.0.28010.2046
MinimumVisualStudioVersion = 10.0.40219.1
Project("{9A19103F-16F7-4668-BE54-9A1E7A4F7556}") = "MyProject1", "MyProject1\MyProject1.csproj", "{06BB7802-97AF-420E-8BB3-D6D5D2500623}"
EndProject
Global
	GlobalSection(SolutionConfigurationPlatforms) = preSolution
		Debug|Any CPU = Debug|Any CPU
		Release|Any CPU = Release|Any CPU
	EndGlobalSection
	GlobalSection(ProjectConfigurationPlatforms) = postSolution
		{06BB7802-97AF-420E-8BB3-D6D5D2500623}.Debug|Any CPU.ActiveCfg = Debug|Any CPU
		{06BB7802-97AF-420E-8BB3-D6D5D2500623}.Debug|Any CPU.Build.0 = Debug|Any CPU
		{06BB7802-97AF-420E-8BB3-D6D5D2500623}.Release|Any CPU.ActiveCfg = Release|Any CPU
		{06BB7802-97AF-420E-8BB3-D6D5D2500623}.Release|Any CPU.Build.0 = Release|Any CPU
	EndGlobalSection
	GlobalSection(SolutionProperties) = preSolution
		HideSolutionNode = FALSE
	EndGlobalSection
	GlobalSection(ExtensibilityGlobals) = postSolution
		SolutionGuid = {F68AA9D7-EB83-4243-88D0-2A46C19061B3}
	EndGlobalSection
EndGlobal
